
Microsoft Visual Studio Solution File, Format Version 12.00
# Visual Studio Version 17
VisualStudioVersion = 17.2.32616.157
MinimumVisualStudioVersion = 10.0.40219.1
Project("{FAE04EC0-301F-11D3-BF4B-00C04F79EFBC}") = "Association", "Association\Association.csproj", "{CF661E5B-4A01-45F3-9456-0A982D547C16}"
EndProject
Global
	GlobalSection(SolutionConfigurationPlatforms) = preSolution
		Debug|Any CPU = Debug|Any CPU
		Release|Any CPU = Release|Any CPU
	EndGlobalSection
	GlobalSection(ProjectConfigurationPlatforms) = postSolution
		{CF661E5B-4A01-45F3-9456-0A982D547C16}.Debug|Any CPU.ActiveCfg = Debug|Any CPU
		{CF661E5B-4A01-45F3-9456-0A982D547C16}.Debug|Any CPU.Build.0 = Debug|Any CPU
		{CF661E5B-4A01-45F3-9456-0A982D547C16}.Release|Any CPU.ActiveCfg = Release|Any CPU
		{CF661E5B-4A01-45F3-9456-0A982D547C16}.Release|Any CPU.Build.0 = Release|Any CPU
	EndGlobalSection
	GlobalSection(SolutionProperties) = preSolution
		HideSolutionNode = FALSE
	EndGlobalSection
	GlobalSection(ExtensibilityGlobals) = postSolution
		SolutionGuid = {1AAF7FBB-0BB6-462E-8EF9-2201172C5721}
	EndGlobalSection
EndGlobal
