
Microsoft Visual Studio Solution File, Format Version 12.00
# Visual Studio Version 17
VisualStudioVersion = 17.2.32616.157
MinimumVisualStudioVersion = 10.0.40219.1
Project("{FAE04EC0-301F-11D3-BF4B-00C04F79EFBC}") = "ZeroHunger", "ZeroHunger\ZeroHunger.csproj", "{FBFE24D7-9B23-4C64-BC8D-7DE9566A371B}"
EndProject
Project("{FAE04EC0-301F-11D3-BF4B-00C04F79EFBC}") = "BLL", "BLL\BLL.csproj", "{7F5219EF-E2E7-4340-8628-E248C5AFAFAC}"
EndProject
Project("{FAE04EC0-301F-11D3-BF4B-00C04F79EFBC}") = "DAL", "DAL\DAL.csproj", "{96B166C5-08E1-4074-9C83-A397C7337792}"
EndProject
Global
	GlobalSection(SolutionConfigurationPlatforms) = preSolution
		Debug|Any CPU = Debug|Any CPU
		Release|Any CPU = Release|Any CPU
	EndGlobalSection
	GlobalSection(ProjectConfigurationPlatforms) = postSolution
		{FBFE24D7-9B23-4C64-BC8D-7DE9566A371B}.Debug|Any CPU.ActiveCfg = Debug|Any CPU
		{FBFE24D7-9B23-4C64-BC8D-7DE9566A371B}.Debug|Any CPU.Build.0 = Debug|Any CPU
		{FBFE24D7-9B23-4C64-BC8D-7DE9566A371B}.Release|Any CPU.ActiveCfg = Release|Any CPU
		{FBFE24D7-9B23-4C64-BC8D-7DE9566A371B}.Release|Any CPU.Build.0 = Release|Any CPU
		{7F5219EF-E2E7-4340-8628-E248C5AFAFAC}.Debug|Any CPU.ActiveCfg = Debug|Any CPU
		{7F5219EF-E2E7-4340-8628-E248C5AFAFAC}.Debug|Any CPU.Build.0 = Debug|Any CPU
		{7F5219EF-E2E7-4340-8628-E248C5AFAFAC}.Release|Any CPU.ActiveCfg = Release|Any CPU
		{7F5219EF-E2E7-4340-8628-E248C5AFAFAC}.Release|Any CPU.Build.0 = Release|Any CPU
		{96B166C5-08E1-4074-9C83-A397C7337792}.Debug|Any CPU.ActiveCfg = Debug|Any CPU
		{96B166C5-08E1-4074-9C83-A397C7337792}.Debug|Any CPU.Build.0 = Debug|Any CPU
		{96B166C5-08E1-4074-9C83-A397C7337792}.Release|Any CPU.ActiveCfg = Release|Any CPU
		{96B166C5-08E1-4074-9C83-A397C7337792}.Release|Any CPU.Build.0 = Release|Any CPU
	EndGlobalSection
	GlobalSection(SolutionProperties) = preSolution
		HideSolutionNode = FALSE
	EndGlobalSection
	GlobalSection(ExtensibilityGlobals) = postSolution
		SolutionGuid = {F018BBA7-5B07-42F7-845F-2640435DAC19}
	EndGlobalSection
EndGlobal
