
Microsoft Visual Studio Solution File, Format Version 12.00
# Visual Studio Version 17
VisualStudioVersion = 17.2.32616.157
MinimumVisualStudioVersion = 10.0.40219.1
Project("{FAE04EC0-301F-11D3-BF4B-00C04F79EFBC}") = "MVCAppLayer", "MVCAppLayer\MVCAppLayer.csproj", "{C93924C2-A685-4B8B-9C31-F1A2065FA3C6}"
EndProject
Project("{FAE04EC0-301F-11D3-BF4B-00C04F79EFBC}") = "BLL", "BLL\BLL.csproj", "{530F64DA-1908-471A-96F0-77E5A4D87685}"
EndProject
Project("{FAE04EC0-301F-11D3-BF4B-00C04F79EFBC}") = "DAL", "DAL\DAL.csproj", "{752A5247-205A-468A-8F9A-C6D8FE46CCF9}"
EndProject
Project("{FAE04EC0-301F-11D3-BF4B-00C04F79EFBC}") = "APIAppLayer", "APIAppLayer\APIAppLayer.csproj", "{78557087-411E-46A5-92E8-0A8478443960}"
EndProject
Project("{FAE04EC0-301F-11D3-BF4B-00C04F79EFBC}") = "ConsoleAppLayer", "ConsoleAppLayer\ConsoleAppLayer.csproj", "{8DC41503-6850-4D26-B4AF-8C309987DA66}"
EndProject
Global
	GlobalSection(SolutionConfigurationPlatforms) = preSolution
		Debug|Any CPU = Debug|Any CPU
		Release|Any CPU = Release|Any CPU
	EndGlobalSection
	GlobalSection(ProjectConfigurationPlatforms) = postSolution
		{C93924C2-A685-4B8B-9C31-F1A2065FA3C6}.Debug|Any CPU.ActiveCfg = Debug|Any CPU
		{C93924C2-A685-4B8B-9C31-F1A2065FA3C6}.Debug|Any CPU.Build.0 = Debug|Any CPU
		{C93924C2-A685-4B8B-9C31-F1A2065FA3C6}.Release|Any CPU.ActiveCfg = Release|Any CPU
		{C93924C2-A685-4B8B-9C31-F1A2065FA3C6}.Release|Any CPU.Build.0 = Release|Any CPU
		{530F64DA-1908-471A-96F0-77E5A4D87685}.Debug|Any CPU.ActiveCfg = Debug|Any CPU
		{530F64DA-1908-471A-96F0-77E5A4D87685}.Debug|Any CPU.Build.0 = Debug|Any CPU
		{530F64DA-1908-471A-96F0-77E5A4D87685}.Release|Any CPU.ActiveCfg = Release|Any CPU
		{530F64DA-1908-471A-96F0-77E5A4D87685}.Release|Any CPU.Build.0 = Release|Any CPU
		{752A5247-205A-468A-8F9A-C6D8FE46CCF9}.Debug|Any CPU.ActiveCfg = Debug|Any CPU
		{752A5247-205A-468A-8F9A-C6D8FE46CCF9}.Debug|Any CPU.Build.0 = Debug|Any CPU
		{752A5247-205A-468A-8F9A-C6D8FE46CCF9}.Release|Any CPU.ActiveCfg = Release|Any CPU
		{752A5247-205A-468A-8F9A-C6D8FE46CCF9}.Release|Any CPU.Build.0 = Release|Any CPU
		{78557087-411E-46A5-92E8-0A8478443960}.Debug|Any CPU.ActiveCfg = Debug|Any CPU
		{78557087-411E-46A5-92E8-0A8478443960}.Debug|Any CPU.Build.0 = Debug|Any CPU
		{78557087-411E-46A5-92E8-0A8478443960}.Release|Any CPU.ActiveCfg = Release|Any CPU
		{78557087-411E-46A5-92E8-0A8478443960}.Release|Any CPU.Build.0 = Release|Any CPU
		{8DC41503-6850-4D26-B4AF-8C309987DA66}.Debug|Any CPU.ActiveCfg = Debug|Any CPU
		{8DC41503-6850-4D26-B4AF-8C309987DA66}.Debug|Any CPU.Build.0 = Debug|Any CPU
		{8DC41503-6850-4D26-B4AF-8C309987DA66}.Release|Any CPU.ActiveCfg = Release|Any CPU
		{8DC41503-6850-4D26-B4AF-8C309987DA66}.Release|Any CPU.Build.0 = Release|Any CPU
	EndGlobalSection
	GlobalSection(SolutionProperties) = preSolution
		HideSolutionNode = FALSE
	EndGlobalSection
	GlobalSection(ExtensibilityGlobals) = postSolution
		SolutionGuid = {1E9EA335-5C5A-492A-A712-D8AC282626B2}
	EndGlobalSection
EndGlobal
