
Microsoft Visual Studio Solution File, Format Version 12.00
# Visual Studio Version 17
VisualStudioVersion = 17.2.32616.157
MinimumVisualStudioVersion = 10.0.40219.1
Project("{FAE04EC0-301F-11D3-BF4B-00C04F79EFBC}") = "LINQ", "LINQ\LINQ.csproj", "{E86FB86F-2A7E-453D-90DC-A3C7E88874D3}"
EndProject
Global
	GlobalSection(SolutionConfigurationPlatforms) = preSolution
		Debug|Any CPU = Debug|Any CPU
		Release|Any CPU = Release|Any CPU
	EndGlobalSection
	GlobalSection(ProjectConfigurationPlatforms) = postSolution
		{E86FB86F-2A7E-453D-90DC-A3C7E88874D3}.Debug|Any CPU.ActiveCfg = Debug|Any CPU
		{E86FB86F-2A7E-453D-90DC-A3C7E88874D3}.Debug|Any CPU.Build.0 = Debug|Any CPU
		{E86FB86F-2A7E-453D-90DC-A3C7E88874D3}.Release|Any CPU.ActiveCfg = Release|Any CPU
		{E86FB86F-2A7E-453D-90DC-A3C7E88874D3}.Release|Any CPU.Build.0 = Release|Any CPU
	EndGlobalSection
	GlobalSection(SolutionProperties) = preSolution
		HideSolutionNode = FALSE
	EndGlobalSection
	GlobalSection(ExtensibilityGlobals) = postSolution
		SolutionGuid = {D7D1E5FC-BC11-41DC-B6C9-0B01DBD4817A}
	EndGlobalSection
EndGlobal
